// !$*UTF8*$!
{
	archiveVersion = 1;
	classes = {
	};
	objectVersion = 56;
	objects = {

/* Begin PBXBuildFile section */
		620EE3522BD13D650073EC4B /* AppCoordinator.swift in Sources */ = {isa = PBXBuildFile; fileRef = 620EE3512BD13D650073EC4B /* AppCoordinator.swift */; };
		620EE3542BD13F0E0073EC4B /* OnboardingCoordinator.swift in Sources */ = {isa = PBXBuildFile; fileRef = 620EE3532BD13F0E0073EC4B /* OnboardingCoordinator.swift */; };
		620EE3562BD15D860073EC4B /* HomeCoordinator.swift in Sources */ = {isa = PBXBuildFile; fileRef = 620EE3552BD15D860073EC4B /* HomeCoordinator.swift */; };
		620EE3582BD15DE60073EC4B /* OrderCoordinator.swift in Sources */ = {isa = PBXBuildFile; fileRef = 620EE3572BD15DE60073EC4B /* OrderCoordinator.swift */; };
		620EE35A2BD15E4C0073EC4B /* ListCoordinator.swift in Sources */ = {isa = PBXBuildFile; fileRef = 620EE3592BD15E4C0073EC4B /* ListCoordinator.swift */; };
		620EE35C2BD15E8B0073EC4B /* ProfileCoordinator.swift in Sources */ = {isa = PBXBuildFile; fileRef = 620EE35B2BD15E8B0073EC4B /* ProfileCoordinator.swift */; };
		620EE35E2BD15ED00073EC4B /* TabBarController.swift in Sources */ = {isa = PBXBuildFile; fileRef = 620EE35D2BD15ED00073EC4B /* TabBarController.swift */; };
		622C898F2BD90E850066DD48 /* FDButton.swift in Sources */ = {isa = PBXBuildFile; fileRef = 622C898E2BD90E850066DD48 /* FDButton.swift */; };
		622C89912BD9306B0066DD48 /* FDTextField.swift in Sources */ = {isa = PBXBuildFile; fileRef = 622C89902BD9306B0066DD48 /* FDTextField.swift */; };
		622C89932BD938580066DD48 /* LoginPresenter.swift in Sources */ = {isa = PBXBuildFile; fileRef = 622C89922BD938580066DD48 /* LoginPresenter.swift */; };
		628143362BCFE31600E22773 /* Roboto-Medium.ttf in Resources */ = {isa = PBXBuildFile; fileRef = 628143292BCFE31600E22773 /* Roboto-Medium.ttf */; };
		628143372BCFE31600E22773 /* Roboto-Light.ttf in Resources */ = {isa = PBXBuildFile; fileRef = 6281432A2BCFE31600E22773 /* Roboto-Light.ttf */; };
		628143382BCFE31600E22773 /* Roboto-Regular.ttf in Resources */ = {isa = PBXBuildFile; fileRef = 6281432B2BCFE31600E22773 /* Roboto-Regular.ttf */; };
		628143392BCFE31600E22773 /* Roboto-MediumItalic.ttf in Resources */ = {isa = PBXBuildFile; fileRef = 6281432C2BCFE31600E22773 /* Roboto-MediumItalic.ttf */; };
		6281433A2BCFE31600E22773 /* Roboto-ThinItalic.ttf in Resources */ = {isa = PBXBuildFile; fileRef = 6281432D2BCFE31600E22773 /* Roboto-ThinItalic.ttf */; };
		6281433B2BCFE31600E22773 /* Roboto-BoldItalic.ttf in Resources */ = {isa = PBXBuildFile; fileRef = 6281432E2BCFE31600E22773 /* Roboto-BoldItalic.ttf */; };
		6281433C2BCFE31600E22773 /* Roboto-LightItalic.ttf in Resources */ = {isa = PBXBuildFile; fileRef = 6281432F2BCFE31600E22773 /* Roboto-LightItalic.ttf */; };
		6281433D2BCFE31600E22773 /* Roboto-Italic.ttf in Resources */ = {isa = PBXBuildFile; fileRef = 628143302BCFE31600E22773 /* Roboto-Italic.ttf */; };
		6281433E2BCFE31600E22773 /* LICENSE.txt in Resources */ = {isa = PBXBuildFile; fileRef = 628143312BCFE31600E22773 /* LICENSE.txt */; };
		6281433F2BCFE31700E22773 /* Roboto-BlackItalic.ttf in Resources */ = {isa = PBXBuildFile; fileRef = 628143322BCFE31600E22773 /* Roboto-BlackItalic.ttf */; };
		628143402BCFE31700E22773 /* Roboto-Bold.ttf in Resources */ = {isa = PBXBuildFile; fileRef = 628143332BCFE31600E22773 /* Roboto-Bold.ttf */; };
		628143412BCFE31700E22773 /* Roboto-Thin.ttf in Resources */ = {isa = PBXBuildFile; fileRef = 628143342BCFE31600E22773 /* Roboto-Thin.ttf */; };
		628143422BCFE31700E22773 /* Roboto-Black.ttf in Resources */ = {isa = PBXBuildFile; fileRef = 628143352BCFE31600E22773 /* Roboto-Black.ttf */; };
		628143452BCFE6BB00E22773 /* UIFont+Extension.swift in Sources */ = {isa = PBXBuildFile; fileRef = 628143442BCFE6BB00E22773 /* UIFont+Extension.swift */; };
		628143472BD002A500E22773 /* UIColor+Extensiion.swift in Sources */ = {isa = PBXBuildFile; fileRef = 628143462BD002A500E22773 /* UIColor+Extensiion.swift */; };
		6281434A2BD0049100E22773 /* AppColors.swift in Sources */ = {isa = PBXBuildFile; fileRef = 628143492BD0049100E22773 /* AppColors.swift */; };
		6285186E2BD2A19A00FD55A2 /* OnboardingViewController.swift in Sources */ = {isa = PBXBuildFile; fileRef = 6285186D2BD2A19A00FD55A2 /* OnboardingViewController.swift */; };
		628518702BD2A25500FD55A2 /* OnboardingViewPresenter.swift in Sources */ = {isa = PBXBuildFile; fileRef = 6285186F2BD2A25500FD55A2 /* OnboardingViewPresenter.swift */; };
		629C9D8B2BD6A59300BA4082 /* UserStorage.swift in Sources */ = {isa = PBXBuildFile; fileRef = 629C9D8A2BD6A59300BA4082 /* UserStorage.swift */; };
		629C9D8E2BD6A89E00BA4082 /* SceneFactory.swift in Sources */ = {isa = PBXBuildFile; fileRef = 629C9D8D2BD6A89E00BA4082 /* SceneFactory.swift */; };
		62A19DEC2BCFC79C009806B0 /* AppDelegate.swift in Sources */ = {isa = PBXBuildFile; fileRef = 62A19DEB2BCFC79C009806B0 /* AppDelegate.swift */; };
		62A19DEE2BCFC79C009806B0 /* SceneDelegate.swift in Sources */ = {isa = PBXBuildFile; fileRef = 62A19DED2BCFC79C009806B0 /* SceneDelegate.swift */; };
		62A19DF02BCFC79C009806B0 /* ViewController.swift in Sources */ = {isa = PBXBuildFile; fileRef = 62A19DEF2BCFC79C009806B0 /* ViewController.swift */; };
		62A19DF52BCFC79F009806B0 /* Assets.xcassets in Resources */ = {isa = PBXBuildFile; fileRef = 62A19DF42BCFC79F009806B0 /* Assets.xcassets */; };
		62A19DF82BCFC79F009806B0 /* LaunchScreen.storyboard in Resources */ = {isa = PBXBuildFile; fileRef = 62A19DF62BCFC79F009806B0 /* LaunchScreen.storyboard */; };
		62A461BE2BD7C24A00AD84EA /* LoginViewController.swift in Sources */ = {isa = PBXBuildFile; fileRef = 62A461BD2BD7C24A00AD84EA /* LoginViewController.swift */; };
		62A461C32BD7C5CC00AD84EA /* FDBottomView.swift in Sources */ = {isa = PBXBuildFile; fileRef = 62A461C22BD7C5CC00AD84EA /* FDBottomView.swift */; };
		62B8A7CC2BD0E3EE00D3BF6C /* Coordinator.swift in Sources */ = {isa = PBXBuildFile; fileRef = 62B8A7CB2BD0E3EE00D3BF6C /* Coordinator.swift */; };
		62D73AD12BD6267A001FC82C /* OnboardingPartViewController.swift in Sources */ = {isa = PBXBuildFile; fileRef = 62D73AD02BD6267A001FC82C /* OnboardingPartViewController.swift */; };
		62DFED262BDD2F4D00059F16 /* LoginCoordinator.swift in Sources */ = {isa = PBXBuildFile; fileRef = 62DFED252BDD2F4D00059F16 /* LoginCoordinator.swift */; };
/* End PBXBuildFile section */

/* Begin PBXFileReference section */
		620EE3512BD13D650073EC4B /* AppCoordinator.swift */ = {isa = PBXFileReference; lastKnownFileType = sourcecode.swift; path = AppCoordinator.swift; sourceTree = "<group>"; };
		620EE3532BD13F0E0073EC4B /* OnboardingCoordinator.swift */ = {isa = PBXFileReference; lastKnownFileType = sourcecode.swift; path = OnboardingCoordinator.swift; sourceTree = "<group>"; };
		620EE3552BD15D860073EC4B /* HomeCoordinator.swift */ = {isa = PBXFileReference; lastKnownFileType = sourcecode.swift; path = HomeCoordinator.swift; sourceTree = "<group>"; };
		620EE3572BD15DE60073EC4B /* OrderCoordinator.swift */ = {isa = PBXFileReference; lastKnownFileType = sourcecode.swift; path = OrderCoordinator.swift; sourceTree = "<group>"; };
		620EE3592BD15E4C0073EC4B /* ListCoordinator.swift */ = {isa = PBXFileReference; lastKnownFileType = sourcecode.swift; path = ListCoordinator.swift; sourceTree = "<group>"; };
		620EE35B2BD15E8B0073EC4B /* ProfileCoordinator.swift */ = {isa = PBXFileReference; lastKnownFileType = sourcecode.swift; path = ProfileCoordinator.swift; sourceTree = "<group>"; };
		620EE35D2BD15ED00073EC4B /* TabBarController.swift */ = {isa = PBXFileReference; lastKnownFileType = sourcecode.swift; path = TabBarController.swift; sourceTree = "<group>"; };
		622C898E2BD90E850066DD48 /* FDButton.swift */ = {isa = PBXFileReference; lastKnownFileType = sourcecode.swift; path = FDButton.swift; sourceTree = "<group>"; };
		622C89902BD9306B0066DD48 /* FDTextField.swift */ = {isa = PBXFileReference; lastKnownFileType = sourcecode.swift; path = FDTextField.swift; sourceTree = "<group>"; };
		622C89922BD938580066DD48 /* LoginPresenter.swift */ = {isa = PBXFileReference; lastKnownFileType = sourcecode.swift; path = LoginPresenter.swift; sourceTree = "<group>"; };
		628143292BCFE31600E22773 /* Roboto-Medium.ttf */ = {isa = PBXFileReference; lastKnownFileType = file; path = "Roboto-Medium.ttf"; sourceTree = "<group>"; };
		6281432A2BCFE31600E22773 /* Roboto-Light.ttf */ = {isa = PBXFileReference; lastKnownFileType = file; path = "Roboto-Light.ttf"; sourceTree = "<group>"; };
		6281432B2BCFE31600E22773 /* Roboto-Regular.ttf */ = {isa = PBXFileReference; lastKnownFileType = file; path = "Roboto-Regular.ttf"; sourceTree = "<group>"; };
		6281432C2BCFE31600E22773 /* Roboto-MediumItalic.ttf */ = {isa = PBXFileReference; lastKnownFileType = file; path = "Roboto-MediumItalic.ttf"; sourceTree = "<group>"; };
		6281432D2BCFE31600E22773 /* Roboto-ThinItalic.ttf */ = {isa = PBXFileReference; lastKnownFileType = file; path = "Roboto-ThinItalic.ttf"; sourceTree = "<group>"; };
		6281432E2BCFE31600E22773 /* Roboto-BoldItalic.ttf */ = {isa = PBXFileReference; lastKnownFileType = file; path = "Roboto-BoldItalic.ttf"; sourceTree = "<group>"; };
		6281432F2BCFE31600E22773 /* Roboto-LightItalic.ttf */ = {isa = PBXFileReference; lastKnownFileType = file; path = "Roboto-LightItalic.ttf"; sourceTree = "<group>"; };
		628143302BCFE31600E22773 /* Roboto-Italic.ttf */ = {isa = PBXFileReference; lastKnownFileType = file; path = "Roboto-Italic.ttf"; sourceTree = "<group>"; };
		628143312BCFE31600E22773 /* LICENSE.txt */ = {isa = PBXFileReference; fileEncoding = 4; lastKnownFileType = text; path = LICENSE.txt; sourceTree = "<group>"; };
		628143322BCFE31600E22773 /* Roboto-BlackItalic.ttf */ = {isa = PBXFileReference; lastKnownFileType = file; path = "Roboto-BlackItalic.ttf"; sourceTree = "<group>"; };
		628143332BCFE31600E22773 /* Roboto-Bold.ttf */ = {isa = PBXFileReference; lastKnownFileType = file; path = "Roboto-Bold.ttf"; sourceTree = "<group>"; };
		628143342BCFE31600E22773 /* Roboto-Thin.ttf */ = {isa = PBXFileReference; lastKnownFileType = file; path = "Roboto-Thin.ttf"; sourceTree = "<group>"; };
		628143352BCFE31600E22773 /* Roboto-Black.ttf */ = {isa = PBXFileReference; lastKnownFileType = file; path = "Roboto-Black.ttf"; sourceTree = "<group>"; };
		628143442BCFE6BB00E22773 /* UIFont+Extension.swift */ = {isa = PBXFileReference; lastKnownFileType = sourcecode.swift; path = "UIFont+Extension.swift"; sourceTree = "<group>"; };
		628143462BD002A500E22773 /* UIColor+Extensiion.swift */ = {isa = PBXFileReference; lastKnownFileType = sourcecode.swift; path = "UIColor+Extensiion.swift"; sourceTree = "<group>"; };
		628143492BD0049100E22773 /* AppColors.swift */ = {isa = PBXFileReference; lastKnownFileType = sourcecode.swift; path = AppColors.swift; sourceTree = "<group>"; };
		6285186D2BD2A19A00FD55A2 /* OnboardingViewController.swift */ = {isa = PBXFileReference; lastKnownFileType = sourcecode.swift; path = OnboardingViewController.swift; sourceTree = "<group>"; };
		6285186F2BD2A25500FD55A2 /* OnboardingViewPresenter.swift */ = {isa = PBXFileReference; lastKnownFileType = sourcecode.swift; path = OnboardingViewPresenter.swift; sourceTree = "<group>"; };
		629C9D8A2BD6A59300BA4082 /* UserStorage.swift */ = {isa = PBXFileReference; lastKnownFileType = sourcecode.swift; path = UserStorage.swift; sourceTree = "<group>"; };
		629C9D8D2BD6A89E00BA4082 /* SceneFactory.swift */ = {isa = PBXFileReference; lastKnownFileType = sourcecode.swift; path = SceneFactory.swift; sourceTree = "<group>"; };
		62A19DE82BCFC79C009806B0 /* FoodDeliveryApp.app */ = {isa = PBXFileReference; explicitFileType = wrapper.application; includeInIndex = 0; path = FoodDeliveryApp.app; sourceTree = BUILT_PRODUCTS_DIR; };
		62A19DEB2BCFC79C009806B0 /* AppDelegate.swift */ = {isa = PBXFileReference; lastKnownFileType = sourcecode.swift; path = AppDelegate.swift; sourceTree = "<group>"; };
		62A19DED2BCFC79C009806B0 /* SceneDelegate.swift */ = {isa = PBXFileReference; lastKnownFileType = sourcecode.swift; path = SceneDelegate.swift; sourceTree = "<group>"; };
		62A19DEF2BCFC79C009806B0 /* ViewController.swift */ = {isa = PBXFileReference; lastKnownFileType = sourcecode.swift; path = ViewController.swift; sourceTree = "<group>"; };
		62A19DF42BCFC79F009806B0 /* Assets.xcassets */ = {isa = PBXFileReference; lastKnownFileType = folder.assetcatalog; path = Assets.xcassets; sourceTree = "<group>"; };
		62A19DF72BCFC79F009806B0 /* Base */ = {isa = PBXFileReference; lastKnownFileType = file.storyboard; name = Base; path = Base.lproj/LaunchScreen.storyboard; sourceTree = "<group>"; };
		62A19DF92BCFC79F009806B0 /* Info.plist */ = {isa = PBXFileReference; lastKnownFileType = text.plist.xml; path = Info.plist; sourceTree = "<group>"; };
		62A461BD2BD7C24A00AD84EA /* LoginViewController.swift */ = {isa = PBXFileReference; lastKnownFileType = sourcecode.swift; path = LoginViewController.swift; sourceTree = "<group>"; };
		62A461C22BD7C5CC00AD84EA /* FDBottomView.swift */ = {isa = PBXFileReference; lastKnownFileType = sourcecode.swift; path = FDBottomView.swift; sourceTree = "<group>"; };
		62B8A7CB2BD0E3EE00D3BF6C /* Coordinator.swift */ = {isa = PBXFileReference; lastKnownFileType = sourcecode.swift; path = Coordinator.swift; sourceTree = "<group>"; };
		62D73AD02BD6267A001FC82C /* OnboardingPartViewController.swift */ = {isa = PBXFileReference; lastKnownFileType = sourcecode.swift; path = OnboardingPartViewController.swift; sourceTree = "<group>"; };
		62DFED252BDD2F4D00059F16 /* LoginCoordinator.swift */ = {isa = PBXFileReference; lastKnownFileType = sourcecode.swift; path = LoginCoordinator.swift; sourceTree = "<group>"; };
/* End PBXFileReference section */

/* Begin PBXFrameworksBuildPhase section */
		62A19DE52BCFC79C009806B0 /* Frameworks */ = {
			isa = PBXFrameworksBuildPhase;
			buildActionMask = 2147483647;
			files = (
			);
			runOnlyForDeploymentPostprocessing = 0;
		};
/* End PBXFrameworksBuildPhase section */

/* Begin PBXGroup section */
		622C898B2BD90CBF0066DD48 /* Views */ = {
			isa = PBXGroup;
			children = (
				622C898E2BD90E850066DD48 /* FDButton.swift */,
				622C89902BD9306B0066DD48 /* FDTextField.swift */,
			);
			path = Views;
			sourceTree = "<group>";
		};
		622C898C2BD90CDF0066DD48 /* Factory */ = {
			isa = PBXGroup;
			children = (
				629C9D8C2BD6A86A00BA4082 /* SceneFactory */,
			);
			path = Factory;
			sourceTree = "<group>";
		};
		622C898D2BD90D340066DD48 /* Scenes */ = {
			isa = PBXGroup;
			children = (
				62A461BC2BD7C13300AD84EA /* AuthScene */,
				6285186C2BD2A13500FD55A2 /* OnboardingScene */,
			);
			path = Scenes;
			sourceTree = "<group>";
		};
		628143262BCFE2DE00E22773 /* Resources */ = {
			isa = PBXGroup;
			children = (
				628143432BCFE68E00E22773 /* Extensions */,
				628143272BCFE2F600E22773 /* Fonts */,
				628143492BD0049100E22773 /* AppColors.swift */,
			);
			path = Resources;
			sourceTree = "<group>";
		};
		628143272BCFE2F600E22773 /* Fonts */ = {
			isa = PBXGroup;
			children = (
				628143282BCFE31600E22773 /* Roboto */,
			);
			path = Fonts;
			sourceTree = "<group>";
		};
		628143282BCFE31600E22773 /* Roboto */ = {
			isa = PBXGroup;
			children = (
				628143292BCFE31600E22773 /* Roboto-Medium.ttf */,
				6281432A2BCFE31600E22773 /* Roboto-Light.ttf */,
				6281432B2BCFE31600E22773 /* Roboto-Regular.ttf */,
				6281432C2BCFE31600E22773 /* Roboto-MediumItalic.ttf */,
				6281432D2BCFE31600E22773 /* Roboto-ThinItalic.ttf */,
				6281432E2BCFE31600E22773 /* Roboto-BoldItalic.ttf */,
				6281432F2BCFE31600E22773 /* Roboto-LightItalic.ttf */,
				628143302BCFE31600E22773 /* Roboto-Italic.ttf */,
				628143312BCFE31600E22773 /* LICENSE.txt */,
				628143322BCFE31600E22773 /* Roboto-BlackItalic.ttf */,
				628143332BCFE31600E22773 /* Roboto-Bold.ttf */,
				628143342BCFE31600E22773 /* Roboto-Thin.ttf */,
				628143352BCFE31600E22773 /* Roboto-Black.ttf */,
			);
			path = Roboto;
			sourceTree = "<group>";
		};
		628143432BCFE68E00E22773 /* Extensions */ = {
			isa = PBXGroup;
			children = (
				628143442BCFE6BB00E22773 /* UIFont+Extension.swift */,
				628143462BD002A500E22773 /* UIColor+Extensiion.swift */,
			);
			path = Extensions;
			sourceTree = "<group>";
		};
		6285186B2BD29C8900FD55A2 /* UILayer */ = {
			isa = PBXGroup;
			children = (
				622C898D2BD90D340066DD48 /* Scenes */,
				622C898C2BD90CDF0066DD48 /* Factory */,
				622C898B2BD90CBF0066DD48 /* Views */,
			);
			path = UILayer;
			sourceTree = "<group>";
		};
		6285186C2BD2A13500FD55A2 /* OnboardingScene */ = {
			isa = PBXGroup;
			children = (
				6285186D2BD2A19A00FD55A2 /* OnboardingViewController.swift */,
				6285186F2BD2A25500FD55A2 /* OnboardingViewPresenter.swift */,
				62D73AD02BD6267A001FC82C /* OnboardingPartViewController.swift */,
			);
			path = OnboardingScene;
			sourceTree = "<group>";
		};
		629C9D892BD6A56D00BA4082 /* ServicesLayer */ = {
			isa = PBXGroup;
			children = (
				629C9D8A2BD6A59300BA4082 /* UserStorage.swift */,
			);
			path = ServicesLayer;
			sourceTree = "<group>";
		};
		629C9D8C2BD6A86A00BA4082 /* SceneFactory */ = {
			isa = PBXGroup;
			children = (
				629C9D8D2BD6A89E00BA4082 /* SceneFactory.swift */,
			);
			path = SceneFactory;
			sourceTree = "<group>";
		};
		62A19DDF2BCFC79C009806B0 = {
			isa = PBXGroup;
			children = (
				62A19DEA2BCFC79C009806B0 /* FoodDeliveryApp */,
				62A19DE92BCFC79C009806B0 /* Products */,
			);
			sourceTree = "<group>";
		};
		62A19DE92BCFC79C009806B0 /* Products */ = {
			isa = PBXGroup;
			children = (
				62A19DE82BCFC79C009806B0 /* FoodDeliveryApp.app */,
			);
			name = Products;
			sourceTree = "<group>";
		};
		62A19DEA2BCFC79C009806B0 /* FoodDeliveryApp */ = {
			isa = PBXGroup;
			children = (
				629C9D892BD6A56D00BA4082 /* ServicesLayer */,
				6285186B2BD29C8900FD55A2 /* UILayer */,
				62B8A7C82BD0E18200D3BF6C /* NavigationLayer */,
				628143262BCFE2DE00E22773 /* Resources */,
				62A19DEB2BCFC79C009806B0 /* AppDelegate.swift */,
				62A19DED2BCFC79C009806B0 /* SceneDelegate.swift */,
				62A19DEF2BCFC79C009806B0 /* ViewController.swift */,
				62A19DF42BCFC79F009806B0 /* Assets.xcassets */,
				62A19DF62BCFC79F009806B0 /* LaunchScreen.storyboard */,
				62A19DF92BCFC79F009806B0 /* Info.plist */,
			);
			path = FoodDeliveryApp;
			sourceTree = "<group>";
		};
		62A461BC2BD7C13300AD84EA /* AuthScene */ = {
			isa = PBXGroup;
			children = (
				62A461C12BD7C4D100AD84EA /* Presenters */,
				62A461C02BD7C3FD00AD84EA /* Controllers */,
				62A461BF2BD7C3EF00AD84EA /* Views */,
			);
			path = AuthScene;
			sourceTree = "<group>";
		};
		62A461BF2BD7C3EF00AD84EA /* Views */ = {
			isa = PBXGroup;
			children = (
				62A461C22BD7C5CC00AD84EA /* FDBottomView.swift */,
			);
			path = Views;
			sourceTree = "<group>";
		};
		62A461C02BD7C3FD00AD84EA /* Controllers */ = {
			isa = PBXGroup;
			children = (
				62A461BD2BD7C24A00AD84EA /* LoginViewController.swift */,
			);
			path = Controllers;
			sourceTree = "<group>";
		};
		62A461C12BD7C4D100AD84EA /* Presenters */ = {
			isa = PBXGroup;
			children = (
				622C89922BD938580066DD48 /* LoginPresenter.swift */,
			);
			path = Presenters;
			sourceTree = "<group>";
		};
		62B8A7C82BD0E18200D3BF6C /* NavigationLayer */ = {
			isa = PBXGroup;
			children = (
				62B8A7CA2BD0E1C000D3BF6C /* Coordinators */,
				62B8A7C92BD0E1B600D3BF6C /* Controllers */,
			);
			path = NavigationLayer;
			sourceTree = "<group>";
		};
		62B8A7C92BD0E1B600D3BF6C /* Controllers */ = {
			isa = PBXGroup;
			children = (
				620EE35D2BD15ED00073EC4B /* TabBarController.swift */,
			);
			path = Controllers;
			sourceTree = "<group>";
		};
		62B8A7CA2BD0E1C000D3BF6C /* Coordinators */ = {
			isa = PBXGroup;
			children = (
				62B8A7CB2BD0E3EE00D3BF6C /* Coordinator.swift */,
				620EE3512BD13D650073EC4B /* AppCoordinator.swift */,
				620EE3532BD13F0E0073EC4B /* OnboardingCoordinator.swift */,
				62DFED252BDD2F4D00059F16 /* LoginCoordinator.swift */,
				620EE3552BD15D860073EC4B /* HomeCoordinator.swift */,
				620EE3572BD15DE60073EC4B /* OrderCoordinator.swift */,
				620EE3592BD15E4C0073EC4B /* ListCoordinator.swift */,
				620EE35B2BD15E8B0073EC4B /* ProfileCoordinator.swift */,
			);
			path = Coordinators;
			sourceTree = "<group>";
		};
/* End PBXGroup section */

/* Begin PBXNativeTarget section */
		62A19DE72BCFC79C009806B0 /* FoodDeliveryApp */ = {
			isa = PBXNativeTarget;
			buildConfigurationList = 62A19DFC2BCFC79F009806B0 /* Build configuration list for PBXNativeTarget "FoodDeliveryApp" */;
			buildPhases = (
				62A19DE42BCFC79C009806B0 /* Sources */,
				62A19DE52BCFC79C009806B0 /* Frameworks */,
				62A19DE62BCFC79C009806B0 /* Resources */,
			);
			buildRules = (
			);
			dependencies = (
			);
			name = FoodDeliveryApp;
			productName = FoodDeliveryApp;
			productReference = 62A19DE82BCFC79C009806B0 /* FoodDeliveryApp.app */;
			productType = "com.apple.product-type.application";
		};
/* End PBXNativeTarget section */

/* Begin PBXProject section */
		62A19DE02BCFC79C009806B0 /* Project object */ = {
			isa = PBXProject;
			attributes = {
				BuildIndependentTargetsInParallel = 1;
				LastSwiftUpdateCheck = 1520;
				LastUpgradeCheck = 1520;
				TargetAttributes = {
					62A19DE72BCFC79C009806B0 = {
						CreatedOnToolsVersion = 15.2;
					};
				};
			};
			buildConfigurationList = 62A19DE32BCFC79C009806B0 /* Build configuration list for PBXProject "FoodDeliveryApp" */;
			compatibilityVersion = "Xcode 14.0";
			developmentRegion = en;
			hasScannedForEncodings = 0;
			knownRegions = (
				en,
				Base,
			);
			mainGroup = 62A19DDF2BCFC79C009806B0;
			productRefGroup = 62A19DE92BCFC79C009806B0 /* Products */;
			projectDirPath = "";
			projectRoot = "";
			targets = (
				62A19DE72BCFC79C009806B0 /* FoodDeliveryApp */,
			);
		};
/* End PBXProject section */

/* Begin PBXResourcesBuildPhase section */
		62A19DE62BCFC79C009806B0 /* Resources */ = {
			isa = PBXResourcesBuildPhase;
			buildActionMask = 2147483647;
			files = (
				628143412BCFE31700E22773 /* Roboto-Thin.ttf in Resources */,
				6281433E2BCFE31600E22773 /* LICENSE.txt in Resources */,
				628143422BCFE31700E22773 /* Roboto-Black.ttf in Resources */,
				628143402BCFE31700E22773 /* Roboto-Bold.ttf in Resources */,
				62A19DF82BCFC79F009806B0 /* LaunchScreen.storyboard in Resources */,
				62A19DF52BCFC79F009806B0 /* Assets.xcassets in Resources */,
				6281433B2BCFE31600E22773 /* Roboto-BoldItalic.ttf in Resources */,
				628143382BCFE31600E22773 /* Roboto-Regular.ttf in Resources */,
				6281433A2BCFE31600E22773 /* Roboto-ThinItalic.ttf in Resources */,
				6281433C2BCFE31600E22773 /* Roboto-LightItalic.ttf in Resources */,
				6281433F2BCFE31700E22773 /* Roboto-BlackItalic.ttf in Resources */,
				628143372BCFE31600E22773 /* Roboto-Light.ttf in Resources */,
				6281433D2BCFE31600E22773 /* Roboto-Italic.ttf in Resources */,
				628143392BCFE31600E22773 /* Roboto-MediumItalic.ttf in Resources */,
				628143362BCFE31600E22773 /* Roboto-Medium.ttf in Resources */,
			);
			runOnlyForDeploymentPostprocessing = 0;
		};
/* End PBXResourcesBuildPhase section */

/* Begin PBXSourcesBuildPhase section */
		62A19DE42BCFC79C009806B0 /* Sources */ = {
			isa = PBXSourcesBuildPhase;
			buildActionMask = 2147483647;
			files = (
				62A19DF02BCFC79C009806B0 /* ViewController.swift in Sources */,
				62A19DEC2BCFC79C009806B0 /* AppDelegate.swift in Sources */,
				628143452BCFE6BB00E22773 /* UIFont+Extension.swift in Sources */,
				6281434A2BD0049100E22773 /* AppColors.swift in Sources */,
				620EE3542BD13F0E0073EC4B /* OnboardingCoordinator.swift in Sources */,
				620EE3522BD13D650073EC4B /* AppCoordinator.swift in Sources */,
				620EE3582BD15DE60073EC4B /* OrderCoordinator.swift in Sources */,
				622C89912BD9306B0066DD48 /* FDTextField.swift in Sources */,
				6285186E2BD2A19A00FD55A2 /* OnboardingViewController.swift in Sources */,
				62A461BE2BD7C24A00AD84EA /* LoginViewController.swift in Sources */,
				62A19DEE2BCFC79C009806B0 /* SceneDelegate.swift in Sources */,
				620EE35C2BD15E8B0073EC4B /* ProfileCoordinator.swift in Sources */,
				620EE35A2BD15E4C0073EC4B /* ListCoordinator.swift in Sources */,
				620EE3562BD15D860073EC4B /* HomeCoordinator.swift in Sources */,
				620EE35E2BD15ED00073EC4B /* TabBarController.swift in Sources */,
				622C89932BD938580066DD48 /* LoginPresenter.swift in Sources */,
				62D73AD12BD6267A001FC82C /* OnboardingPartViewController.swift in Sources */,
				62DFED262BDD2F4D00059F16 /* LoginCoordinator.swift in Sources */,
				629C9D8B2BD6A59300BA4082 /* UserStorage.swift in Sources */,
				629C9D8E2BD6A89E00BA4082 /* SceneFactory.swift in Sources */,
				628143472BD002A500E22773 /* UIColor+Extensiion.swift in Sources */,
				62A461C32BD7C5CC00AD84EA /* FDBottomView.swift in Sources */,
				622C898F2BD90E850066DD48 /* FDButton.swift in Sources */,
				628518702BD2A25500FD55A2 /* OnboardingViewPresenter.swift in Sources */,
				62B8A7CC2BD0E3EE00D3BF6C /* Coordinator.swift in Sources */,
			);
			runOnlyForDeploymentPostprocessing = 0;
		};
/* End PBXSourcesBuildPhase section */

/* Begin PBXVariantGroup section */
		62A19DF62BCFC79F009806B0 /* LaunchScreen.storyboard */ = {
			isa = PBXVariantGroup;
			children = (
				62A19DF72BCFC79F009806B0 /* Base */,
			);
			name = LaunchScreen.storyboard;
			sourceTree = "<group>";
		};
/* End PBXVariantGroup section */

/* Begin XCBuildConfiguration section */
		62A19DFA2BCFC79F009806B0 /* Debug */ = {
			isa = XCBuildConfiguration;
			buildSettings = {
				ALWAYS_SEARCH_USER_PATHS = NO;
				ASSETCATALOG_COMPILER_GENERATE_SWIFT_ASSET_SYMBOL_EXTENSIONS = YES;
				CLANG_ANALYZER_NONNULL = YES;
				CLANG_ANALYZER_NUMBER_OBJECT_CONVERSION = YES_AGGRESSIVE;
				CLANG_CXX_LANGUAGE_STANDARD = "gnu++20";
				CLANG_ENABLE_MODULES = YES;
				CLANG_ENABLE_OBJC_ARC = YES;
				CLANG_ENABLE_OBJC_WEAK = YES;
				CLANG_WARN_BLOCK_CAPTURE_AUTORELEASING = YES;
				CLANG_WARN_BOOL_CONVERSION = YES;
				CLANG_WARN_COMMA = YES;
				CLANG_WARN_CONSTANT_CONVERSION = YES;
				CLANG_WARN_DEPRECATED_OBJC_IMPLEMENTATIONS = YES;
				CLANG_WARN_DIRECT_OBJC_ISA_USAGE = YES_ERROR;
				CLANG_WARN_DOCUMENTATION_COMMENTS = YES;
				CLANG_WARN_EMPTY_BODY = YES;
				CLANG_WARN_ENUM_CONVERSION = YES;
				CLANG_WARN_INFINITE_RECURSION = YES;
				CLANG_WARN_INT_CONVERSION = YES;
				CLANG_WARN_NON_LITERAL_NULL_CONVERSION = YES;
				CLANG_WARN_OBJC_IMPLICIT_RETAIN_SELF = YES;
				CLANG_WARN_OBJC_LITERAL_CONVERSION = YES;
				CLANG_WARN_OBJC_ROOT_CLASS = YES_ERROR;
				CLANG_WARN_QUOTED_INCLUDE_IN_FRAMEWORK_HEADER = YES;
				CLANG_WARN_RANGE_LOOP_ANALYSIS = YES;
				CLANG_WARN_STRICT_PROTOTYPES = YES;
				CLANG_WARN_SUSPICIOUS_MOVE = YES;
				CLANG_WARN_UNGUARDED_AVAILABILITY = YES_AGGRESSIVE;
				CLANG_WARN_UNREACHABLE_CODE = YES;
				CLANG_WARN__DUPLICATE_METHOD_MATCH = YES;
				COPY_PHASE_STRIP = NO;
				DEBUG_INFORMATION_FORMAT = dwarf;
				ENABLE_STRICT_OBJC_MSGSEND = YES;
				ENABLE_TESTABILITY = YES;
				ENABLE_USER_SCRIPT_SANDBOXING = YES;
				GCC_C_LANGUAGE_STANDARD = gnu17;
				GCC_DYNAMIC_NO_PIC = NO;
				GCC_NO_COMMON_BLOCKS = YES;
				GCC_OPTIMIZATION_LEVEL = 0;
				GCC_PREPROCESSOR_DEFINITIONS = (
					"DEBUG=1",
					"$(inherited)",
				);
				GCC_WARN_64_TO_32_BIT_CONVERSION = YES;
				GCC_WARN_ABOUT_RETURN_TYPE = YES_ERROR;
				GCC_WARN_UNDECLARED_SELECTOR = YES;
				GCC_WARN_UNINITIALIZED_AUTOS = YES_AGGRESSIVE;
				GCC_WARN_UNUSED_FUNCTION = YES;
				GCC_WARN_UNUSED_VARIABLE = YES;
				IPHONEOS_DEPLOYMENT_TARGET = 17.2;
				LOCALIZATION_PREFERS_STRING_CATALOGS = YES;
				MTL_ENABLE_DEBUG_INFO = INCLUDE_SOURCE;
				MTL_FAST_MATH = YES;
				ONLY_ACTIVE_ARCH = YES;
				SDKROOT = iphoneos;
				SWIFT_ACTIVE_COMPILATION_CONDITIONS = "DEBUG $(inherited)";
				SWIFT_OPTIMIZATION_LEVEL = "-Onone";
			};
			name = Debug;
		};
		62A19DFB2BCFC79F009806B0 /* Release */ = {
			isa = XCBuildConfiguration;
			buildSettings = {
				ALWAYS_SEARCH_USER_PATHS = NO;
				ASSETCATALOG_COMPILER_GENERATE_SWIFT_ASSET_SYMBOL_EXTENSIONS = YES;
				CLANG_ANALYZER_NONNULL = YES;
				CLANG_ANALYZER_NUMBER_OBJECT_CONVERSION = YES_AGGRESSIVE;
				CLANG_CXX_LANGUAGE_STANDARD = "gnu++20";
				CLANG_ENABLE_MODULES = YES;
				CLANG_ENABLE_OBJC_ARC = YES;
				CLANG_ENABLE_OBJC_WEAK = YES;
				CLANG_WARN_BLOCK_CAPTURE_AUTORELEASING = YES;
				CLANG_WARN_BOOL_CONVERSION = YES;
				CLANG_WARN_COMMA = YES;
				CLANG_WARN_CONSTANT_CONVERSION = YES;
				CLANG_WARN_DEPRECATED_OBJC_IMPLEMENTATIONS = YES;
				CLANG_WARN_DIRECT_OBJC_ISA_USAGE = YES_ERROR;
				CLANG_WARN_DOCUMENTATION_COMMENTS = YES;
				CLANG_WARN_EMPTY_BODY = YES;
				CLANG_WARN_ENUM_CONVERSION = YES;
				CLANG_WARN_INFINITE_RECURSION = YES;
				CLANG_WARN_INT_CONVERSION = YES;
				CLANG_WARN_NON_LITERAL_NULL_CONVERSION = YES;
				CLANG_WARN_OBJC_IMPLICIT_RETAIN_SELF = YES;
				CLANG_WARN_OBJC_LITERAL_CONVERSION = YES;
				CLANG_WARN_OBJC_ROOT_CLASS = YES_ERROR;
				CLANG_WARN_QUOTED_INCLUDE_IN_FRAMEWORK_HEADER = YES;
				CLANG_WARN_RANGE_LOOP_ANALYSIS = YES;
				CLANG_WARN_STRICT_PROTOTYPES = YES;
				CLANG_WARN_SUSPICIOUS_MOVE = YES;
				CLANG_WARN_UNGUARDED_AVAILABILITY = YES_AGGRESSIVE;
				CLANG_WARN_UNREACHABLE_CODE = YES;
				CLANG_WARN__DUPLICATE_METHOD_MATCH = YES;
				COPY_PHASE_STRIP = NO;
				DEBUG_INFORMATION_FORMAT = "dwarf-with-dsym";
				ENABLE_NS_ASSERTIONS = NO;
				ENABLE_STRICT_OBJC_MSGSEND = YES;
				ENABLE_USER_SCRIPT_SANDBOXING = YES;
				GCC_C_LANGUAGE_STANDARD = gnu17;
				GCC_NO_COMMON_BLOCKS = YES;
				GCC_WARN_64_TO_32_BIT_CONVERSION = YES;
				GCC_WARN_ABOUT_RETURN_TYPE = YES_ERROR;
				GCC_WARN_UNDECLARED_SELECTOR = YES;
				GCC_WARN_UNINITIALIZED_AUTOS = YES_AGGRESSIVE;
				GCC_WARN_UNUSED_FUNCTION = YES;
				GCC_WARN_UNUSED_VARIABLE = YES;
				IPHONEOS_DEPLOYMENT_TARGET = 17.2;
				LOCALIZATION_PREFERS_STRING_CATALOGS = YES;
				MTL_ENABLE_DEBUG_INFO = NO;
				MTL_FAST_MATH = YES;
				SDKROOT = iphoneos;
				SWIFT_COMPILATION_MODE = wholemodule;
				VALIDATE_PRODUCT = YES;
			};
			name = Release;
		};
		62A19DFD2BCFC79F009806B0 /* Debug */ = {
			isa = XCBuildConfiguration;
			buildSettings = {
				ASSETCATALOG_COMPILER_APPICON_NAME = AppIcon;
				ASSETCATALOG_COMPILER_GLOBAL_ACCENT_COLOR_NAME = AccentColor;
				CODE_SIGN_STYLE = Automatic;
				CURRENT_PROJECT_VERSION = 1;
				DEVELOPMENT_TEAM = 65DPF7M952;
				GENERATE_INFOPLIST_FILE = YES;
				INFOPLIST_FILE = FoodDeliveryApp/Info.plist;
				INFOPLIST_KEY_UIApplicationSupportsIndirectInputEvents = YES;
				INFOPLIST_KEY_UILaunchStoryboardName = LaunchScreen;
				INFOPLIST_KEY_UISupportedInterfaceOrientations_iPad = "UIInterfaceOrientationPortrait UIInterfaceOrientationPortraitUpsideDown UIInterfaceOrientationLandscapeLeft UIInterfaceOrientationLandscapeRight";
				INFOPLIST_KEY_UISupportedInterfaceOrientations_iPhone = "UIInterfaceOrientationPortrait UIInterfaceOrientationLandscapeLeft UIInterfaceOrientationLandscapeRight";
				LD_RUNPATH_SEARCH_PATHS = (
					"$(inherited)",
					"@executable_path/Frameworks",
				);
				MARKETING_VERSION = 1.0;
				PRODUCT_BUNDLE_IDENTIFIER = vasylkhomenko.FoodDeliveryApp;
				PRODUCT_NAME = "$(TARGET_NAME)";
				SWIFT_EMIT_LOC_STRINGS = YES;
				SWIFT_VERSION = 5.0;
				TARGETED_DEVICE_FAMILY = "1,2";
			};
			name = Debug;
		};
		62A19DFE2BCFC79F009806B0 /* Release */ = {
			isa = XCBuildConfiguration;
			buildSettings = {
				ASSETCATALOG_COMPILER_APPICON_NAME = AppIcon;
				ASSETCATALOG_COMPILER_GLOBAL_ACCENT_COLOR_NAME = AccentColor;
				CODE_SIGN_STYLE = Automatic;
				CURRENT_PROJECT_VERSION = 1;
				DEVELOPMENT_TEAM = 65DPF7M952;
				GENERATE_INFOPLIST_FILE = YES;
				INFOPLIST_FILE = FoodDeliveryApp/Info.plist;
				INFOPLIST_KEY_UIApplicationSupportsIndirectInputEvents = YES;
				INFOPLIST_KEY_UILaunchStoryboardName = LaunchScreen;
				INFOPLIST_KEY_UISupportedInterfaceOrientations_iPad = "UIInterfaceOrientationPortrait UIInterfaceOrientationPortraitUpsideDown UIInterfaceOrientationLandscapeLeft UIInterfaceOrientationLandscapeRight";
				INFOPLIST_KEY_UISupportedInterfaceOrientations_iPhone = "UIInterfaceOrientationPortrait UIInterfaceOrientationLandscapeLeft UIInterfaceOrientationLandscapeRight";
				LD_RUNPATH_SEARCH_PATHS = (
					"$(inherited)",
					"@executable_path/Frameworks",
				);
				MARKETING_VERSION = 1.0;
				PRODUCT_BUNDLE_IDENTIFIER = vasylkhomenko.FoodDeliveryApp;
				PRODUCT_NAME = "$(TARGET_NAME)";
				SWIFT_EMIT_LOC_STRINGS = YES;
				SWIFT_VERSION = 5.0;
				TARGETED_DEVICE_FAMILY = "1,2";
			};
			name = Release;
		};
/* End XCBuildConfiguration section */

/* Begin XCConfigurationList section */
		62A19DE32BCFC79C009806B0 /* Build configuration list for PBXProject "FoodDeliveryApp" */ = {
			isa = XCConfigurationList;
			buildConfigurations = (
				62A19DFA2BCFC79F009806B0 /* Debug */,
				62A19DFB2BCFC79F009806B0 /* Release */,
			);
			defaultConfigurationIsVisible = 0;
			defaultConfigurationName = Release;
		};
		62A19DFC2BCFC79F009806B0 /* Build configuration list for PBXNativeTarget "FoodDeliveryApp" */ = {
			isa = XCConfigurationList;
			buildConfigurations = (
				62A19DFD2BCFC79F009806B0 /* Debug */,
				62A19DFE2BCFC79F009806B0 /* Release */,
			);
			defaultConfigurationIsVisible = 0;
			defaultConfigurationName = Release;
		};
/* End XCConfigurationList section */
	};
	rootObject = 62A19DE02BCFC79C009806B0 /* Project object */;
}
